# This file was autogenerated by Stack.
# You should not edit this file by hand.
# For more information, please see the documentation at:
#   https://docs.haskellstack.org/en/stable/lock_files

packages:
- completed:
    hackage: hakyll-4.12.5.2@sha256:435eec729639a4bf0d58f3c7c71929600f4130f10241275d5e7df856cc8aae90,8677
    pantry-tree:
      size: 7631
      sha256: bd0cbe9051fae2b109d4b8955fd55a710b61c5dfd8b132d444c72c8f9e65c855
  original:
    hackage: hakyll-4.12.5.2
- completed:
    hackage: filepath-1.4.2.1@sha256:aff13ab4dd895931e77c22756e6e4e7bc8189351e0fa48270a998b826a63f54a,2291
    pantry-tree:
      size: 681
      sha256: ed5ffa1e42c2626fc3b13b9f7ff3fef6b841515a57021819f8066db4e93264dc
  original:
    hackage: filepath-1.4.2.1
snapshots:
- completed:
    size: 524804
    url: https://raw.githubusercontent.com/commercialhaskell/stackage-snapshots/master/lts/14/16.yaml
    sha256: 4d1519a4372d051d47a5eae2241cf3fb54e113d7475f89707ddb6ec06add2888
  original: lts-14.16
